
Microsoft Visual Studio Solution File, Format Version 12.00
# Visual Studio 15
VisualStudioVersion = 15.0.27004.2005
MinimumVisualStudioVersion = 10.0.40219.1
Project("{9A19103F-16F7-4668-BE54-9A1E7A4F7556}") = "Tedd.ShortUrl.Web", "Tedd.ShortUrl.Web\Tedd.ShortUrl.Web.csproj", "{F3F9B80F-A31F-4545-9983-F8BB13541836}"
EndProject
Project("{9A19103F-16F7-4668-BE54-9A1E7A4F7556}") = "Tedd.ShortUrl.Test", "Tedd.ShortUrl.Test\Tedd.ShortUrl.Test.csproj", "{6C0FCCFC-C7E3-4309-939F-304B7E488395}"
EndProject
Global
	GlobalSection(SolutionConfigurationPlatforms) = preSolution
		Debug|Any CPU = Debug|Any CPU
		Release|Any CPU = Release|Any CPU
	EndGlobalSection
	GlobalSection(ProjectConfigurationPlatforms) = postSolution
		{F3F9B80F-A31F-4545-9983-F8BB13541836}.Debug|Any CPU.ActiveCfg = Debug|Any CPU
		{F3F9B80F-A31F-4545-9983-F8BB13541836}.Debug|Any CPU.Build.0 = Debug|Any CPU
		{F3F9B80F-A31F-4545-9983-F8BB13541836}.Release|Any CPU.ActiveCfg = Release|Any CPU
		{F3F9B80F-A31F-4545-9983-F8BB13541836}.Release|Any CPU.Build.0 = Release|Any CPU
		{6C0FCCFC-C7E3-4309-939F-304B7E488395}.Debug|Any CPU.ActiveCfg = Debug|Any CPU
		{6C0FCCFC-C7E3-4309-939F-304B7E488395}.Debug|Any CPU.Build.0 = Debug|Any CPU
		{6C0FCCFC-C7E3-4309-939F-304B7E488395}.Release|Any CPU.ActiveCfg = Release|Any CPU
		{6C0FCCFC-C7E3-4309-939F-304B7E488395}.Release|Any CPU.Build.0 = Release|Any CPU
	EndGlobalSection
	GlobalSection(SolutionProperties) = preSolution
		HideSolutionNode = FALSE
	EndGlobalSection
	GlobalSection(ExtensibilityGlobals) = postSolution
		SolutionGuid = {E61D428A-586C-43A4-B66D-A1F100CD608D}
	EndGlobalSection
EndGlobal
